
Microsoft Visual Studio Solution File, Format Version 12.00
# Visual Studio Version 17
VisualStudioVersion = 17.5.33530.505
MinimumVisualStudioVersion = 10.0.40219.1
Project("{FAE04EC0-301F-11D3-BF4B-00C04F79EFBC}") = "WebAppNpgsql", "WebAppNpgsql\WebAppNpgsql.csproj", "{A133A70A-F19C-47D9-ADA2-2C5DBFE39222}"
EndProject
Global
	GlobalSection(SolutionConfigurationPlatforms) = preSolution
		Debug|Any CPU = Debug|Any CPU
		Release|Any CPU = Release|Any CPU
	EndGlobalSection
	GlobalSection(ProjectConfigurationPlatforms) = postSolution
		{A133A70A-F19C-47D9-ADA2-2C5DBFE39222}.Debug|Any CPU.ActiveCfg = Debug|Any CPU
		{A133A70A-F19C-47D9-ADA2-2C5DBFE39222}.Debug|Any CPU.Build.0 = Debug|Any CPU
		{A133A70A-F19C-47D9-ADA2-2C5DBFE39222}.Release|Any CPU.ActiveCfg = Release|Any CPU
		{A133A70A-F19C-47D9-ADA2-2C5DBFE39222}.Release|Any CPU.Build.0 = Release|Any CPU
	EndGlobalSection
	GlobalSection(SolutionProperties) = preSolution
		HideSolutionNode = FALSE
	EndGlobalSection
	GlobalSection(ExtensibilityGlobals) = postSolution
		SolutionGuid = {03C58E49-DD7E-4E50-B48A-93EB3E8E797A}
	EndGlobalSection
EndGlobal
